
Microsoft Visual Studio Solution File, Format Version 12.00
# Visual Studio Version 17
VisualStudioVersion = 17.2.32630.192
MinimumVisualStudioVersion = 10.0.40219.1
Project("{9A19103F-16F7-4668-BE54-9A1E7A4F7556}") = "AppBlazor.UI", "AppBlazor.UI\AppBlazor.UI.csproj", "{4BE9647F-AB58-4AD2-AF75-25B7D3486C90}"
EndProject
Project("{9A19103F-16F7-4668-BE54-9A1E7A4F7556}") = "AppBlazor.EL", "AppBlazor.EL\AppBlazor.EL.csproj", "{3DC79463-4E67-4975-9946-CCF65B4AE14C}"
EndProject
Project("{9A19103F-16F7-4668-BE54-9A1E7A4F7556}") = "AppBlazor.DAL", "AppBlazor.DAL\AppBlazor.DAL.csproj", "{B5826FC7-6309-4BAE-A09D-9134C28399EA}"
EndProject
Project("{9A19103F-16F7-4668-BE54-9A1E7A4F7556}") = "AppBlazor.APIWeb", "AppBlazor.APIWeb\AppBlazor.APIWeb.csproj", "{5947AFAE-0EC8-4250-9233-ADBC3627055E}"
EndProject
Global
	GlobalSection(SolutionConfigurationPlatforms) = preSolution
		Debug|Any CPU = Debug|Any CPU
		Release|Any CPU = Release|Any CPU
	EndGlobalSection
	GlobalSection(ProjectConfigurationPlatforms) = postSolution
		{4BE9647F-AB58-4AD2-AF75-25B7D3486C90}.Debug|Any CPU.ActiveCfg = Debug|Any CPU
		{4BE9647F-AB58-4AD2-AF75-25B7D3486C90}.Debug|Any CPU.Build.0 = Debug|Any CPU
		{4BE9647F-AB58-4AD2-AF75-25B7D3486C90}.Release|Any CPU.ActiveCfg = Release|Any CPU
		{4BE9647F-AB58-4AD2-AF75-25B7D3486C90}.Release|Any CPU.Build.0 = Release|Any CPU
		{3DC79463-4E67-4975-9946-CCF65B4AE14C}.Debug|Any CPU.ActiveCfg = Debug|Any CPU
		{3DC79463-4E67-4975-9946-CCF65B4AE14C}.Debug|Any CPU.Build.0 = Debug|Any CPU
		{3DC79463-4E67-4975-9946-CCF65B4AE14C}.Release|Any CPU.ActiveCfg = Release|Any CPU
		{3DC79463-4E67-4975-9946-CCF65B4AE14C}.Release|Any CPU.Build.0 = Release|Any CPU
		{B5826FC7-6309-4BAE-A09D-9134C28399EA}.Debug|Any CPU.ActiveCfg = Debug|Any CPU
		{B5826FC7-6309-4BAE-A09D-9134C28399EA}.Debug|Any CPU.Build.0 = Debug|Any CPU
		{B5826FC7-6309-4BAE-A09D-9134C28399EA}.Release|Any CPU.ActiveCfg = Release|Any CPU
		{B5826FC7-6309-4BAE-A09D-9134C28399EA}.Release|Any CPU.Build.0 = Release|Any CPU
		{5947AFAE-0EC8-4250-9233-ADBC3627055E}.Debug|Any CPU.ActiveCfg = Debug|Any CPU
		{5947AFAE-0EC8-4250-9233-ADBC3627055E}.Debug|Any CPU.Build.0 = Debug|Any CPU
		{5947AFAE-0EC8-4250-9233-ADBC3627055E}.Release|Any CPU.ActiveCfg = Release|Any CPU
		{5947AFAE-0EC8-4250-9233-ADBC3627055E}.Release|Any CPU.Build.0 = Release|Any CPU
	EndGlobalSection
	GlobalSection(SolutionProperties) = preSolution
		HideSolutionNode = FALSE
	EndGlobalSection
	GlobalSection(ExtensibilityGlobals) = postSolution
		SolutionGuid = {14827F54-08C5-4A1D-8265-7E2676E0AC46}
	EndGlobalSection
EndGlobal
